
Microsoft Visual Studio Solution File, Format Version 12.00
# Visual Studio Version 17
VisualStudioVersion = 17.8.34330.188
MinimumVisualStudioVersion = 10.0.40219.1
Project("{9A19103F-16F7-4668-BE54-9A1E7A4F7556}") = "My-Personal-Portfolio_Servanda", "My-Personal-Portfolio_Servanda.csproj", "{6A4C94FF-0315-49BC-A7F4-80263ED4110F}"
EndProject
Project("{FAE04EC0-301F-11D3-BF4B-00C04F79EFBC}") = "WebApplication1", "..\WebApplication1\WebApplication1.csproj", "{D78DF9DA-9A3B-40A8-B6B1-7AE6122A82C0}"
EndProject
Global
	GlobalSection(SolutionConfigurationPlatforms) = preSolution
		Debug|Any CPU = Debug|Any CPU
		Release|Any CPU = Release|Any CPU
	EndGlobalSection
	GlobalSection(ProjectConfigurationPlatforms) = postSolution
		{6A4C94FF-0315-49BC-A7F4-80263ED4110F}.Debug|Any CPU.ActiveCfg = Debug|Any CPU
		{6A4C94FF-0315-49BC-A7F4-80263ED4110F}.Debug|Any CPU.Build.0 = Debug|Any CPU
		{6A4C94FF-0315-49BC-A7F4-80263ED4110F}.Release|Any CPU.ActiveCfg = Release|Any CPU
		{6A4C94FF-0315-49BC-A7F4-80263ED4110F}.Release|Any CPU.Build.0 = Release|Any CPU
		{D78DF9DA-9A3B-40A8-B6B1-7AE6122A82C0}.Debug|Any CPU.ActiveCfg = Debug|Any CPU
		{D78DF9DA-9A3B-40A8-B6B1-7AE6122A82C0}.Debug|Any CPU.Build.0 = Debug|Any CPU
		{D78DF9DA-9A3B-40A8-B6B1-7AE6122A82C0}.Release|Any CPU.ActiveCfg = Release|Any CPU
		{D78DF9DA-9A3B-40A8-B6B1-7AE6122A82C0}.Release|Any CPU.Build.0 = Release|Any CPU
	EndGlobalSection
	GlobalSection(SolutionProperties) = preSolution
		HideSolutionNode = FALSE
	EndGlobalSection
	GlobalSection(ExtensibilityGlobals) = postSolution
		SolutionGuid = {4B78B770-1E26-4D7D-8FF7-92E5DD9E9C25}
	EndGlobalSection
EndGlobal
